// !$*UTF8*$!
{
	archiveVersion = 1;
	classes = {
	};
	objectVersion = 55;
	objects = {

/* Begin PBXBuildFile section */
		A005ADF32752ADD1009C35C8 /* SeasonListView.swift in Sources */ = {isa = PBXBuildFile; fileRef = A005ADF22752ADD1009C35C8 /* SeasonListView.swift */; };
		A099CB892753F03600F331E1 /* QuoteView.swift in Sources */ = {isa = PBXBuildFile; fileRef = A099CB882753F03600F331E1 /* QuoteView.swift */; };
		A099CB8B2753F23E00F331E1 /* RandomQuoteView.swift in Sources */ = {isa = PBXBuildFile; fileRef = A099CB8A2753F23E00F331E1 /* RandomQuoteView.swift */; };
		A0A29EB727567D56008C0397 /* CharacterListViewModel.swift in Sources */ = {isa = PBXBuildFile; fileRef = A0A29EB627567D56008C0397 /* CharacterListViewModel.swift */; };
		A0A29EB927567DBD008C0397 /* CharacterListRouter.swift in Sources */ = {isa = PBXBuildFile; fileRef = A0A29EB827567DBD008C0397 /* CharacterListRouter.swift */; };
		A0A29EBB27567FA8008C0397 /* CharacterDetailViewModel.swift in Sources */ = {isa = PBXBuildFile; fileRef = A0A29EBA27567FA8008C0397 /* CharacterDetailViewModel.swift */; };
		A0AE5EF5275161730098E1AA /* AppDelegate.swift in Sources */ = {isa = PBXBuildFile; fileRef = A0AE5EF4275161730098E1AA /* AppDelegate.swift */; };
		A0AE5EF7275161730098E1AA /* SceneDelegate.swift in Sources */ = {isa = PBXBuildFile; fileRef = A0AE5EF6275161730098E1AA /* SceneDelegate.swift */; };
		A0AE5EF9275161730098E1AA /* CharacterListViewController.swift in Sources */ = {isa = PBXBuildFile; fileRef = A0AE5EF8275161730098E1AA /* CharacterListViewController.swift */; };
		A0AE5EFE275161750098E1AA /* Assets.xcassets in Resources */ = {isa = PBXBuildFile; fileRef = A0AE5EFD275161750098E1AA /* Assets.xcassets */; };
		A0AE5F01275161750098E1AA /* LaunchScreen.storyboard in Resources */ = {isa = PBXBuildFile; fileRef = A0AE5EFF275161750098E1AA /* LaunchScreen.storyboard */; };
		A0AE5F0C275161760098E1AA /* BreakingBadTests.swift in Sources */ = {isa = PBXBuildFile; fileRef = A0AE5F0B275161760098E1AA /* BreakingBadTests.swift */; };
		A0AE5F2A275188850098E1AA /* BreakingBadAppDomain in Frameworks */ = {isa = PBXBuildFile; productRef = A0AE5F29275188850098E1AA /* BreakingBadAppDomain */; };
		A0AE5F2E27519F0A0098E1AA /* CharacterTableViewCell.swift in Sources */ = {isa = PBXBuildFile; fileRef = A0AE5F2C27519F0A0098E1AA /* CharacterTableViewCell.swift */; };
		A0AE5F2F27519F0A0098E1AA /* CharacterTableViewCell.xib in Resources */ = {isa = PBXBuildFile; fileRef = A0AE5F2D27519F0A0098E1AA /* CharacterTableViewCell.xib */; };
		A0AE5F322751A39B0098E1AA /* ImageCacheLoader.swift in Sources */ = {isa = PBXBuildFile; fileRef = A0AE5F312751A39B0098E1AA /* ImageCacheLoader.swift */; };
		A0DE063F27526110008B1510 /* SeasonView.swift in Sources */ = {isa = PBXBuildFile; fileRef = A0DE063E27526110008B1510 /* SeasonView.swift */; };
		A0DE06412752613C008B1510 /* EpisodeView.swift in Sources */ = {isa = PBXBuildFile; fileRef = A0DE06402752613C008B1510 /* EpisodeView.swift */; };
		A0DE06442752643E008B1510 /* CarouselView.swift in Sources */ = {isa = PBXBuildFile; fileRef = A0DE06432752643E008B1510 /* CarouselView.swift */; };
		A0F3311127552AD90087FAD3 /* CharacterDetailViewController.swift in Sources */ = {isa = PBXBuildFile; fileRef = A0F3311027552AD90087FAD3 /* CharacterDetailViewController.swift */; };
		A0F33114275532290087FAD3 /* CharacterDetailHeaderTableViewCell.swift in Sources */ = {isa = PBXBuildFile; fileRef = A0F33112275532290087FAD3 /* CharacterDetailHeaderTableViewCell.swift */; };
		A0F33115275532290087FAD3 /* CharacterDetailHeaderTableViewCell.xib in Resources */ = {isa = PBXBuildFile; fileRef = A0F33113275532290087FAD3 /* CharacterDetailHeaderTableViewCell.xib */; };
		A0F33117275536610087FAD3 /* Dependencies.swift in Sources */ = {isa = PBXBuildFile; fileRef = A0F33116275536610087FAD3 /* Dependencies.swift */; };
/* End PBXBuildFile section */

/* Begin PBXContainerItemProxy section */
		A0AE5F08275161760098E1AA /* PBXContainerItemProxy */ = {
			isa = PBXContainerItemProxy;
			containerPortal = A0AE5EE9275161730098E1AA /* Project object */;
			proxyType = 1;
			remoteGlobalIDString = A0AE5EF0275161730098E1AA;
			remoteInfo = BreakingBad;
		};
/* End PBXContainerItemProxy section */

/* Begin PBXFileReference section */
		A005ADF22752ADD1009C35C8 /* SeasonListView.swift */ = {isa = PBXFileReference; lastKnownFileType = sourcecode.swift; path = SeasonListView.swift; sourceTree = "<group>"; };
		A099CB882753F03600F331E1 /* QuoteView.swift */ = {isa = PBXFileReference; lastKnownFileType = sourcecode.swift; path = QuoteView.swift; sourceTree = "<group>"; };
		A099CB8A2753F23E00F331E1 /* RandomQuoteView.swift */ = {isa = PBXFileReference; lastKnownFileType = sourcecode.swift; path = RandomQuoteView.swift; sourceTree = "<group>"; };
		A0A29EB627567D56008C0397 /* CharacterListViewModel.swift */ = {isa = PBXFileReference; lastKnownFileType = sourcecode.swift; path = CharacterListViewModel.swift; sourceTree = "<group>"; };
		A0A29EB827567DBD008C0397 /* CharacterListRouter.swift */ = {isa = PBXFileReference; lastKnownFileType = sourcecode.swift; path = CharacterListRouter.swift; sourceTree = "<group>"; };
		A0A29EBA27567FA8008C0397 /* CharacterDetailViewModel.swift */ = {isa = PBXFileReference; lastKnownFileType = sourcecode.swift; path = CharacterDetailViewModel.swift; sourceTree = "<group>"; };
		A0AE5EF1275161730098E1AA /* BreakingBad.app */ = {isa = PBXFileReference; explicitFileType = wrapper.application; includeInIndex = 0; path = BreakingBad.app; sourceTree = BUILT_PRODUCTS_DIR; };
		A0AE5EF4275161730098E1AA /* AppDelegate.swift */ = {isa = PBXFileReference; lastKnownFileType = sourcecode.swift; path = AppDelegate.swift; sourceTree = "<group>"; };
		A0AE5EF6275161730098E1AA /* SceneDelegate.swift */ = {isa = PBXFileReference; lastKnownFileType = sourcecode.swift; path = SceneDelegate.swift; sourceTree = "<group>"; };
		A0AE5EF8275161730098E1AA /* CharacterListViewController.swift */ = {isa = PBXFileReference; lastKnownFileType = sourcecode.swift; path = CharacterListViewController.swift; sourceTree = "<group>"; };
		A0AE5EFD275161750098E1AA /* Assets.xcassets */ = {isa = PBXFileReference; lastKnownFileType = folder.assetcatalog; path = Assets.xcassets; sourceTree = "<group>"; };
		A0AE5F00275161750098E1AA /* Base */ = {isa = PBXFileReference; lastKnownFileType = file.storyboard; name = Base; path = Base.lproj/LaunchScreen.storyboard; sourceTree = "<group>"; };
		A0AE5F02275161750098E1AA /* Info.plist */ = {isa = PBXFileReference; lastKnownFileType = text.plist.xml; path = Info.plist; sourceTree = "<group>"; };
		A0AE5F07275161760098E1AA /* BreakingBadTests.xctest */ = {isa = PBXFileReference; explicitFileType = wrapper.cfbundle; includeInIndex = 0; path = BreakingBadTests.xctest; sourceTree = BUILT_PRODUCTS_DIR; };
		A0AE5F0B275161760098E1AA /* BreakingBadTests.swift */ = {isa = PBXFileReference; lastKnownFileType = sourcecode.swift; path = BreakingBadTests.swift; sourceTree = "<group>"; };
		A0AE5F26275167190098E1AA /* BreakingBadData */ = {isa = PBXFileReference; lastKnownFileType = folder; path = BreakingBadData; sourceTree = "<group>"; };
		A0AE5F2727516A4B0098E1AA /* BreakingBadAppDomain */ = {isa = PBXFileReference; lastKnownFileType = folder; path = BreakingBadAppDomain; sourceTree = "<group>"; };
		A0AE5F2C27519F0A0098E1AA /* CharacterTableViewCell.swift */ = {isa = PBXFileReference; lastKnownFileType = sourcecode.swift; path = CharacterTableViewCell.swift; sourceTree = "<group>"; };
		A0AE5F2D27519F0A0098E1AA /* CharacterTableViewCell.xib */ = {isa = PBXFileReference; lastKnownFileType = file.xib; path = CharacterTableViewCell.xib; sourceTree = "<group>"; };
		A0AE5F312751A39B0098E1AA /* ImageCacheLoader.swift */ = {isa = PBXFileReference; lastKnownFileType = sourcecode.swift; path = ImageCacheLoader.swift; sourceTree = "<group>"; };
		A0AE5F332751A4A60098E1AA /* Helper */ = {isa = PBXFileReference; lastKnownFileType = folder; path = Helper; sourceTree = "<group>"; };
		A0DE063E27526110008B1510 /* SeasonView.swift */ = {isa = PBXFileReference; lastKnownFileType = sourcecode.swift; path = SeasonView.swift; sourceTree = "<group>"; };
		A0DE06402752613C008B1510 /* EpisodeView.swift */ = {isa = PBXFileReference; lastKnownFileType = sourcecode.swift; path = EpisodeView.swift; sourceTree = "<group>"; };
		A0DE06432752643E008B1510 /* CarouselView.swift */ = {isa = PBXFileReference; lastKnownFileType = sourcecode.swift; path = CarouselView.swift; sourceTree = "<group>"; };
		A0F3311027552AD90087FAD3 /* CharacterDetailViewController.swift */ = {isa = PBXFileReference; lastKnownFileType = sourcecode.swift; path = CharacterDetailViewController.swift; sourceTree = "<group>"; };
		A0F33112275532290087FAD3 /* CharacterDetailHeaderTableViewCell.swift */ = {isa = PBXFileReference; lastKnownFileType = sourcecode.swift; path = CharacterDetailHeaderTableViewCell.swift; sourceTree = "<group>"; };
		A0F33113275532290087FAD3 /* CharacterDetailHeaderTableViewCell.xib */ = {isa = PBXFileReference; lastKnownFileType = file.xib; path = CharacterDetailHeaderTableViewCell.xib; sourceTree = "<group>"; };
		A0F33116275536610087FAD3 /* Dependencies.swift */ = {isa = PBXFileReference; lastKnownFileType = sourcecode.swift; path = Dependencies.swift; sourceTree = "<group>"; };
/* End PBXFileReference section */

/* Begin PBXFrameworksBuildPhase section */
		A0AE5EEE275161730098E1AA /* Frameworks */ = {
			isa = PBXFrameworksBuildPhase;
			buildActionMask = 2147483647;
			files = (
				A0AE5F2A275188850098E1AA /* BreakingBadAppDomain in Frameworks */,
			);
			runOnlyForDeploymentPostprocessing = 0;
		};
		A0AE5F04275161760098E1AA /* Frameworks */ = {
			isa = PBXFrameworksBuildPhase;
			buildActionMask = 2147483647;
			files = (
			);
			runOnlyForDeploymentPostprocessing = 0;
		};
/* End PBXFrameworksBuildPhase section */

/* Begin PBXGroup section */
		A099CB872753F01B00F331E1 /* Quotes */ = {
			isa = PBXGroup;
			children = (
				A099CB882753F03600F331E1 /* QuoteView.swift */,
				A099CB8A2753F23E00F331E1 /* RandomQuoteView.swift */,
			);
			path = Quotes;
			sourceTree = "<group>";
		};
		A0A29EB427567C36008C0397 /* Views */ = {
			isa = PBXGroup;
			children = (
				A0DE064227526400008B1510 /* Generic */,
			);
			path = Views;
			sourceTree = "<group>";
		};
		A0A29EB527567C54008C0397 /* Supporting Files */ = {
			isa = PBXGroup;
			children = (
				A0AE5F02275161750098E1AA /* Info.plist */,
				A0AE5EFF275161750098E1AA /* LaunchScreen.storyboard */,
			);
			path = "Supporting Files";
			sourceTree = "<group>";
		};
		A0AE5EE8275161730098E1AA = {
			isa = PBXGroup;
			children = (
				A0AE5F24275166CD0098E1AA /* LocalPackage */,
				A0AE5EF3275161730098E1AA /* BreakingBad */,
				A0AE5F0A275161760098E1AA /* BreakingBadTests */,
				A0AE5EF2275161730098E1AA /* Products */,
				A0AE5F28275188850098E1AA /* Frameworks */,
			);
			sourceTree = "<group>";
		};
		A0AE5EF2275161730098E1AA /* Products */ = {
			isa = PBXGroup;
			children = (
				A0AE5EF1275161730098E1AA /* BreakingBad.app */,
				A0AE5F07275161760098E1AA /* BreakingBadTests.xctest */,
			);
			name = Products;
			sourceTree = "<group>";
		};
		A0AE5EF3275161730098E1AA /* BreakingBad */ = {
			isa = PBXGroup;
			children = (
				A0AE5EF4275161730098E1AA /* AppDelegate.swift */,
				A0AE5EF6275161730098E1AA /* SceneDelegate.swift */,
				A0AE5EFD275161750098E1AA /* Assets.xcassets */,
				A0F33116275536610087FAD3 /* Dependencies.swift */,
				A0AE5F302751A37A0098E1AA /* ImageCacheLoader */,
				A0DE063A275257ED008B1510 /* Scenes */,
				A0A29EB527567C54008C0397 /* Supporting Files */,
				A0A29EB427567C36008C0397 /* Views */,
			);
			path = BreakingBad;
			sourceTree = "<group>";
		};
		A0AE5F0A275161760098E1AA /* BreakingBadTests */ = {
			isa = PBXGroup;
			children = (
				A0AE5F0B275161760098E1AA /* BreakingBadTests.swift */,
			);
			path = BreakingBadTests;
			sourceTree = "<group>";
		};
		A0AE5F24275166CD0098E1AA /* LocalPackage */ = {
			isa = PBXGroup;
			children = (
				A0AE5F332751A4A60098E1AA /* Helper */,
				A0AE5F2727516A4B0098E1AA /* BreakingBadAppDomain */,
				A0AE5F26275167190098E1AA /* BreakingBadData */,
			);
			path = LocalPackage;
			sourceTree = "<group>";
		};
		A0AE5F28275188850098E1AA /* Frameworks */ = {
			isa = PBXGroup;
			children = (
			);
			name = Frameworks;
			sourceTree = "<group>";
		};
		A0AE5F2B27519E9D0098E1AA /* Characters */ = {
			isa = PBXGroup;
			children = (
				A0F3310F27552A5D0087FAD3 /* Details */,
				A0F3310E27552A510087FAD3 /* List */,
			);
			path = Characters;
			sourceTree = "<group>";
		};
		A0AE5F302751A37A0098E1AA /* ImageCacheLoader */ = {
			isa = PBXGroup;
			children = (
				A0AE5F312751A39B0098E1AA /* ImageCacheLoader.swift */,
			);
			path = ImageCacheLoader;
			sourceTree = "<group>";
		};
		A0DE063A275257ED008B1510 /* Scenes */ = {
			isa = PBXGroup;
			children = (
				A099CB872753F01B00F331E1 /* Quotes */,
				A0DE063D275260D8008B1510 /* Episodes */,
				A0AE5F2B27519E9D0098E1AA /* Characters */,
			);
			path = Scenes;
			sourceTree = "<group>";
		};
		A0DE063D275260D8008B1510 /* Episodes */ = {
			isa = PBXGroup;
			children = (
				A0DE063E27526110008B1510 /* SeasonView.swift */,
				A005ADF22752ADD1009C35C8 /* SeasonListView.swift */,
				A0DE06402752613C008B1510 /* EpisodeView.swift */,
			);
			path = Episodes;
			sourceTree = "<group>";
		};
		A0DE064227526400008B1510 /* Generic */ = {
			isa = PBXGroup;
			children = (
				A0DE06432752643E008B1510 /* CarouselView.swift */,
			);
			path = Generic;
			sourceTree = "<group>";
		};
		A0F3310E27552A510087FAD3 /* List */ = {
			isa = PBXGroup;
			children = (
				A0AE5EF8275161730098E1AA /* CharacterListViewController.swift */,
				A0AE5F2C27519F0A0098E1AA /* CharacterTableViewCell.swift */,
				A0AE5F2D27519F0A0098E1AA /* CharacterTableViewCell.xib */,
				A0A29EB627567D56008C0397 /* CharacterListViewModel.swift */,
				A0A29EB827567DBD008C0397 /* CharacterListRouter.swift */,
			);
			path = List;
			sourceTree = "<group>";
		};
		A0F3310F27552A5D0087FAD3 /* Details */ = {
			isa = PBXGroup;
			children = (
				A0F3311027552AD90087FAD3 /* CharacterDetailViewController.swift */,
				A0F33112275532290087FAD3 /* CharacterDetailHeaderTableViewCell.swift */,
				A0F33113275532290087FAD3 /* CharacterDetailHeaderTableViewCell.xib */,
				A0A29EBA27567FA8008C0397 /* CharacterDetailViewModel.swift */,
			);
			path = Details;
			sourceTree = "<group>";
		};
/* End PBXGroup section */

/* Begin PBXNativeTarget section */
		A0AE5EF0275161730098E1AA /* BreakingBad */ = {
			isa = PBXNativeTarget;
			buildConfigurationList = A0AE5F1B275161760098E1AA /* Build configuration list for PBXNativeTarget "BreakingBad" */;
			buildPhases = (
				A0AE5EED275161730098E1AA /* Sources */,
				A0AE5EEE275161730098E1AA /* Frameworks */,
				A0AE5EEF275161730098E1AA /* Resources */,
			);
			buildRules = (
			);
			dependencies = (
			);
			name = BreakingBad;
			packageProductDependencies = (
				A0AE5F29275188850098E1AA /* BreakingBadAppDomain */,
			);
			productName = BreakingBad;
			productReference = A0AE5EF1275161730098E1AA /* BreakingBad.app */;
			productType = "com.apple.product-type.application";
		};
		A0AE5F06275161760098E1AA /* BreakingBadTests */ = {
			isa = PBXNativeTarget;
			buildConfigurationList = A0AE5F1E275161760098E1AA /* Build configuration list for PBXNativeTarget "BreakingBadTests" */;
			buildPhases = (
				A0AE5F03275161760098E1AA /* Sources */,
				A0AE5F04275161760098E1AA /* Frameworks */,
				A0AE5F05275161760098E1AA /* Resources */,
			);
			buildRules = (
			);
			dependencies = (
				A0AE5F09275161760098E1AA /* PBXTargetDependency */,
			);
			name = BreakingBadTests;
			productName = BreakingBadTests;
			productReference = A0AE5F07275161760098E1AA /* BreakingBadTests.xctest */;
			productType = "com.apple.product-type.bundle.unit-test";
		};
/* End PBXNativeTarget section */

/* Begin PBXProject section */
		A0AE5EE9275161730098E1AA /* Project object */ = {
			isa = PBXProject;
			attributes = {
				BuildIndependentTargetsInParallel = 1;
				LastSwiftUpdateCheck = 1310;
				LastUpgradeCheck = 1310;
				TargetAttributes = {
					A0AE5EF0275161730098E1AA = {
						CreatedOnToolsVersion = 13.1;
					};
					A0AE5F06275161760098E1AA = {
						CreatedOnToolsVersion = 13.1;
						TestTargetID = A0AE5EF0275161730098E1AA;
					};
				};
			};
			buildConfigurationList = A0AE5EEC275161730098E1AA /* Build configuration list for PBXProject "BreakingBad" */;
			compatibilityVersion = "Xcode 13.0";
			developmentRegion = en;
			hasScannedForEncodings = 0;
			knownRegions = (
				en,
				Base,
			);
			mainGroup = A0AE5EE8275161730098E1AA;
			productRefGroup = A0AE5EF2275161730098E1AA /* Products */;
			projectDirPath = "";
			projectRoot = "";
			targets = (
				A0AE5EF0275161730098E1AA /* BreakingBad */,
				A0AE5F06275161760098E1AA /* BreakingBadTests */,
			);
		};
/* End PBXProject section */

/* Begin PBXResourcesBuildPhase section */
		A0AE5EEF275161730098E1AA /* Resources */ = {
			isa = PBXResourcesBuildPhase;
			buildActionMask = 2147483647;
			files = (
				A0AE5F2F27519F0A0098E1AA /* CharacterTableViewCell.xib in Resources */,
				A0AE5F01275161750098E1AA /* LaunchScreen.storyboard in Resources */,
				A0AE5EFE275161750098E1AA /* Assets.xcassets in Resources */,
				A0F33115275532290087FAD3 /* CharacterDetailHeaderTableViewCell.xib in Resources */,
			);
			runOnlyForDeploymentPostprocessing = 0;
		};
		A0AE5F05275161760098E1AA /* Resources */ = {
			isa = PBXResourcesBuildPhase;
			buildActionMask = 2147483647;
			files = (
			);
			runOnlyForDeploymentPostprocessing = 0;
		};
/* End PBXResourcesBuildPhase section */

/* Begin PBXSourcesBuildPhase section */
		A0AE5EED275161730098E1AA /* Sources */ = {
			isa = PBXSourcesBuildPhase;
			buildActionMask = 2147483647;
			files = (
				A0F33114275532290087FAD3 /* CharacterDetailHeaderTableViewCell.swift in Sources */,
				A099CB8B2753F23E00F331E1 /* RandomQuoteView.swift in Sources */,
				A0F3311127552AD90087FAD3 /* CharacterDetailViewController.swift in Sources */,
				A0DE06412752613C008B1510 /* EpisodeView.swift in Sources */,
				A099CB892753F03600F331E1 /* QuoteView.swift in Sources */,
				A0AE5EF9275161730098E1AA /* CharacterListViewController.swift in Sources */,
				A0AE5EF5275161730098E1AA /* AppDelegate.swift in Sources */,
				A0AE5F322751A39B0098E1AA /* ImageCacheLoader.swift in Sources */,
				A0DE06442752643E008B1510 /* CarouselView.swift in Sources */,
				A0F33117275536610087FAD3 /* Dependencies.swift in Sources */,
				A005ADF32752ADD1009C35C8 /* SeasonListView.swift in Sources */,
				A0DE063F27526110008B1510 /* SeasonView.swift in Sources */,
				A0AE5EF7275161730098E1AA /* SceneDelegate.swift in Sources */,
				A0A29EBB27567FA8008C0397 /* CharacterDetailViewModel.swift in Sources */,
				A0A29EB727567D56008C0397 /* CharacterListViewModel.swift in Sources */,
				A0A29EB927567DBD008C0397 /* CharacterListRouter.swift in Sources */,
				A0AE5F2E27519F0A0098E1AA /* CharacterTableViewCell.swift in Sources */,
			);
			runOnlyForDeploymentPostprocessing = 0;
		};
		A0AE5F03275161760098E1AA /* Sources */ = {
			isa = PBXSourcesBuildPhase;
			buildActionMask = 2147483647;
			files = (
				A0AE5F0C275161760098E1AA /* BreakingBadTests.swift in Sources */,
			);
			runOnlyForDeploymentPostprocessing = 0;
		};
/* End PBXSourcesBuildPhase section */

/* Begin PBXTargetDependency section */
		A0AE5F09275161760098E1AA /* PBXTargetDependency */ = {
			isa = PBXTargetDependency;
			target = A0AE5EF0275161730098E1AA /* BreakingBad */;
			targetProxy = A0AE5F08275161760098E1AA /* PBXContainerItemProxy */;
		};
/* End PBXTargetDependency section */

/* Begin PBXVariantGroup section */
		A0AE5EFF275161750098E1AA /* LaunchScreen.storyboard */ = {
			isa = PBXVariantGroup;
			children = (
				A0AE5F00275161750098E1AA /* Base */,
			);
			name = LaunchScreen.storyboard;
			sourceTree = "<group>";
		};
/* End PBXVariantGroup section */

/* Begin XCBuildConfiguration section */
		A0AE5F19275161760098E1AA /* Debug */ = {
			isa = XCBuildConfiguration;
			buildSettings = {
				ALWAYS_SEARCH_USER_PATHS = NO;
				CLANG_ANALYZER_NONNULL = YES;
				CLANG_ANALYZER_NUMBER_OBJECT_CONVERSION = YES_AGGRESSIVE;
				CLANG_CXX_LANGUAGE_STANDARD = "gnu++17";
				CLANG_CXX_LIBRARY = "libc++";
				CLANG_ENABLE_MODULES = YES;
				CLANG_ENABLE_OBJC_ARC = YES;
				CLANG_ENABLE_OBJC_WEAK = YES;
				CLANG_WARN_BLOCK_CAPTURE_AUTORELEASING = YES;
				CLANG_WARN_BOOL_CONVERSION = YES;
				CLANG_WARN_COMMA = YES;
				CLANG_WARN_CONSTANT_CONVERSION = YES;
				CLANG_WARN_DEPRECATED_OBJC_IMPLEMENTATIONS = YES;
				CLANG_WARN_DIRECT_OBJC_ISA_USAGE = YES_ERROR;
				CLANG_WARN_DOCUMENTATION_COMMENTS = YES;
				CLANG_WARN_EMPTY_BODY = YES;
				CLANG_WARN_ENUM_CONVERSION = YES;
				CLANG_WARN_INFINITE_RECURSION = YES;
				CLANG_WARN_INT_CONVERSION = YES;
				CLANG_WARN_NON_LITERAL_NULL_CONVERSION = YES;
				CLANG_WARN_OBJC_IMPLICIT_RETAIN_SELF = YES;
				CLANG_WARN_OBJC_LITERAL_CONVERSION = YES;
				CLANG_WARN_OBJC_ROOT_CLASS = YES_ERROR;
				CLANG_WARN_QUOTED_INCLUDE_IN_FRAMEWORK_HEADER = YES;
				CLANG_WARN_RANGE_LOOP_ANALYSIS = YES;
				CLANG_WARN_STRICT_PROTOTYPES = YES;
				CLANG_WARN_SUSPICIOUS_MOVE = YES;
				CLANG_WARN_UNGUARDED_AVAILABILITY = YES_AGGRESSIVE;
				CLANG_WARN_UNREACHABLE_CODE = YES;
				CLANG_WARN__DUPLICATE_METHOD_MATCH = YES;
				COPY_PHASE_STRIP = NO;
				DEBUG_INFORMATION_FORMAT = dwarf;
				ENABLE_STRICT_OBJC_MSGSEND = YES;
				ENABLE_TESTABILITY = YES;
				GCC_C_LANGUAGE_STANDARD = gnu11;
				GCC_DYNAMIC_NO_PIC = NO;
				GCC_NO_COMMON_BLOCKS = YES;
				GCC_OPTIMIZATION_LEVEL = 0;
				GCC_PREPROCESSOR_DEFINITIONS = (
					"DEBUG=1",
					"$(inherited)",
				);
				GCC_WARN_64_TO_32_BIT_CONVERSION = YES;
				GCC_WARN_ABOUT_RETURN_TYPE = YES_ERROR;
				GCC_WARN_UNDECLARED_SELECTOR = YES;
				GCC_WARN_UNINITIALIZED_AUTOS = YES_AGGRESSIVE;
				GCC_WARN_UNUSED_FUNCTION = YES;
				GCC_WARN_UNUSED_VARIABLE = YES;
				IPHONEOS_DEPLOYMENT_TARGET = 15.0;
				MTL_ENABLE_DEBUG_INFO = INCLUDE_SOURCE;
				MTL_FAST_MATH = YES;
				ONLY_ACTIVE_ARCH = YES;
				SDKROOT = iphoneos;
				SWIFT_ACTIVE_COMPILATION_CONDITIONS = DEBUG;
				SWIFT_OPTIMIZATION_LEVEL = "-Onone";
			};
			name = Debug;
		};
		A0AE5F1A275161760098E1AA /* Release */ = {
			isa = XCBuildConfiguration;
			buildSettings = {
				ALWAYS_SEARCH_USER_PATHS = NO;
				CLANG_ANALYZER_NONNULL = YES;
				CLANG_ANALYZER_NUMBER_OBJECT_CONVERSION = YES_AGGRESSIVE;
				CLANG_CXX_LANGUAGE_STANDARD = "gnu++17";
				CLANG_CXX_LIBRARY = "libc++";
				CLANG_ENABLE_MODULES = YES;
				CLANG_ENABLE_OBJC_ARC = YES;
				CLANG_ENABLE_OBJC_WEAK = YES;
				CLANG_WARN_BLOCK_CAPTURE_AUTORELEASING = YES;
				CLANG_WARN_BOOL_CONVERSION = YES;
				CLANG_WARN_COMMA = YES;
				CLANG_WARN_CONSTANT_CONVERSION = YES;
				CLANG_WARN_DEPRECATED_OBJC_IMPLEMENTATIONS = YES;
				CLANG_WARN_DIRECT_OBJC_ISA_USAGE = YES_ERROR;
				CLANG_WARN_DOCUMENTATION_COMMENTS = YES;
				CLANG_WARN_EMPTY_BODY = YES;
				CLANG_WARN_ENUM_CONVERSION = YES;
				CLANG_WARN_INFINITE_RECURSION = YES;
				CLANG_WARN_INT_CONVERSION = YES;
				CLANG_WARN_NON_LITERAL_NULL_CONVERSION = YES;
				CLANG_WARN_OBJC_IMPLICIT_RETAIN_SELF = YES;
				CLANG_WARN_OBJC_LITERAL_CONVERSION = YES;
				CLANG_WARN_OBJC_ROOT_CLASS = YES_ERROR;
				CLANG_WARN_QUOTED_INCLUDE_IN_FRAMEWORK_HEADER = YES;
				CLANG_WARN_RANGE_LOOP_ANALYSIS = YES;
				CLANG_WARN_STRICT_PROTOTYPES = YES;
				CLANG_WARN_SUSPICIOUS_MOVE = YES;
				CLANG_WARN_UNGUARDED_AVAILABILITY = YES_AGGRESSIVE;
				CLANG_WARN_UNREACHABLE_CODE = YES;
				CLANG_WARN__DUPLICATE_METHOD_MATCH = YES;
				COPY_PHASE_STRIP = NO;
				DEBUG_INFORMATION_FORMAT = "dwarf-with-dsym";
				ENABLE_NS_ASSERTIONS = NO;
				ENABLE_STRICT_OBJC_MSGSEND = YES;
				GCC_C_LANGUAGE_STANDARD = gnu11;
				GCC_NO_COMMON_BLOCKS = YES;
				GCC_WARN_64_TO_32_BIT_CONVERSION = YES;
				GCC_WARN_ABOUT_RETURN_TYPE = YES_ERROR;
				GCC_WARN_UNDECLARED_SELECTOR = YES;
				GCC_WARN_UNINITIALIZED_AUTOS = YES_AGGRESSIVE;
				GCC_WARN_UNUSED_FUNCTION = YES;
				GCC_WARN_UNUSED_VARIABLE = YES;
				IPHONEOS_DEPLOYMENT_TARGET = 15.0;
				MTL_ENABLE_DEBUG_INFO = NO;
				MTL_FAST_MATH = YES;
				SDKROOT = iphoneos;
				SWIFT_COMPILATION_MODE = wholemodule;
				SWIFT_OPTIMIZATION_LEVEL = "-O";
				VALIDATE_PRODUCT = YES;
			};
			name = Release;
		};
		A0AE5F1C275161760098E1AA /* Debug */ = {
			isa = XCBuildConfiguration;
			buildSettings = {
				ASSETCATALOG_COMPILER_APPICON_NAME = AppIcon;
				ASSETCATALOG_COMPILER_GLOBAL_ACCENT_COLOR_NAME = AccentColor;
				CODE_SIGN_STYLE = Automatic;
				CURRENT_PROJECT_VERSION = 1;
				DEVELOPMENT_TEAM = Z788489WLW;
				GENERATE_INFOPLIST_FILE = YES;
				INFOPLIST_FILE = "BreakingBad/Supporting Files/Info.plist";
				INFOPLIST_KEY_UIApplicationSupportsIndirectInputEvents = YES;
				INFOPLIST_KEY_UILaunchStoryboardName = LaunchScreen;
				INFOPLIST_KEY_UISupportedInterfaceOrientations_iPad = "UIInterfaceOrientationPortrait UIInterfaceOrientationPortraitUpsideDown UIInterfaceOrientationLandscapeLeft UIInterfaceOrientationLandscapeRight";
				INFOPLIST_KEY_UISupportedInterfaceOrientations_iPhone = "UIInterfaceOrientationPortrait UIInterfaceOrientationLandscapeLeft UIInterfaceOrientationLandscapeRight";
				LD_RUNPATH_SEARCH_PATHS = (
					"$(inherited)",
					"@executable_path/Frameworks",
				);
				MARKETING_VERSION = 1.0;
				PRODUCT_BUNDLE_IDENTIFIER = com.anthony.soulier.BreakingBad;
				PRODUCT_NAME = "$(TARGET_NAME)";
				SWIFT_EMIT_LOC_STRINGS = YES;
				SWIFT_VERSION = 5.0;
				TARGETED_DEVICE_FAMILY = "1,2";
			};
			name = Debug;
		};
		A0AE5F1D275161760098E1AA /* Release */ = {
			isa = XCBuildConfiguration;
			buildSettings = {
				ASSETCATALOG_COMPILER_APPICON_NAME = AppIcon;
				ASSETCATALOG_COMPILER_GLOBAL_ACCENT_COLOR_NAME = AccentColor;
				CODE_SIGN_STYLE = Automatic;
				CURRENT_PROJECT_VERSION = 1;
				DEVELOPMENT_TEAM = Z788489WLW;
				GENERATE_INFOPLIST_FILE = YES;
				INFOPLIST_FILE = "BreakingBad/Supporting Files/Info.plist";
				INFOPLIST_KEY_UIApplicationSupportsIndirectInputEvents = YES;
				INFOPLIST_KEY_UILaunchStoryboardName = LaunchScreen;
				INFOPLIST_KEY_UISupportedInterfaceOrientations_iPad = "UIInterfaceOrientationPortrait UIInterfaceOrientationPortraitUpsideDown UIInterfaceOrientationLandscapeLeft UIInterfaceOrientationLandscapeRight";
				INFOPLIST_KEY_UISupportedInterfaceOrientations_iPhone = "UIInterfaceOrientationPortrait UIInterfaceOrientationLandscapeLeft UIInterfaceOrientationLandscapeRight";
				LD_RUNPATH_SEARCH_PATHS = (
					"$(inherited)",
					"@executable_path/Frameworks",
				);
				MARKETING_VERSION = 1.0;
				PRODUCT_BUNDLE_IDENTIFIER = com.anthony.soulier.BreakingBad;
				PRODUCT_NAME = "$(TARGET_NAME)";
				SWIFT_EMIT_LOC_STRINGS = YES;
				SWIFT_VERSION = 5.0;
				TARGETED_DEVICE_FAMILY = "1,2";
			};
			name = Release;
		};
		A0AE5F1F275161760098E1AA /* Debug */ = {
			isa = XCBuildConfiguration;
			buildSettings = {
				ALWAYS_EMBED_SWIFT_STANDARD_LIBRARIES = YES;
				BUNDLE_LOADER = "$(TEST_HOST)";
				CODE_SIGN_STYLE = Automatic;
				CURRENT_PROJECT_VERSION = 1;
				DEVELOPMENT_TEAM = Z788489WLW;
				GENERATE_INFOPLIST_FILE = YES;
				IPHONEOS_DEPLOYMENT_TARGET = 15.0;
				LD_RUNPATH_SEARCH_PATHS = (
					"$(inherited)",
					"@executable_path/Frameworks",
					"@loader_path/Frameworks",
				);
				MARKETING_VERSION = 1.0;
				PRODUCT_BUNDLE_IDENTIFIER = com.anthony.soulier.BreakingBadTests;
				PRODUCT_NAME = "$(TARGET_NAME)";
				SWIFT_EMIT_LOC_STRINGS = NO;
				SWIFT_VERSION = 5.0;
				TARGETED_DEVICE_FAMILY = "1,2";
				TEST_HOST = "$(BUILT_PRODUCTS_DIR)/BreakingBad.app/BreakingBad";
			};
			name = Debug;
		};
		A0AE5F20275161760098E1AA /* Release */ = {
			isa = XCBuildConfiguration;
			buildSettings = {
				ALWAYS_EMBED_SWIFT_STANDARD_LIBRARIES = YES;
				BUNDLE_LOADER = "$(TEST_HOST)";
				CODE_SIGN_STYLE = Automatic;
				CURRENT_PROJECT_VERSION = 1;
				DEVELOPMENT_TEAM = Z788489WLW;
				GENERATE_INFOPLIST_FILE = YES;
				IPHONEOS_DEPLOYMENT_TARGET = 15.0;
				LD_RUNPATH_SEARCH_PATHS = (
					"$(inherited)",
					"@executable_path/Frameworks",
					"@loader_path/Frameworks",
				);
				MARKETING_VERSION = 1.0;
				PRODUCT_BUNDLE_IDENTIFIER = com.anthony.soulier.BreakingBadTests;
				PRODUCT_NAME = "$(TARGET_NAME)";
				SWIFT_EMIT_LOC_STRINGS = NO;
				SWIFT_VERSION = 5.0;
				TARGETED_DEVICE_FAMILY = "1,2";
				TEST_HOST = "$(BUILT_PRODUCTS_DIR)/BreakingBad.app/BreakingBad";
			};
			name = Release;
		};
/* End XCBuildConfiguration section */

/* Begin XCConfigurationList section */
		A0AE5EEC275161730098E1AA /* Build configuration list for PBXProject "BreakingBad" */ = {
			isa = XCConfigurationList;
			buildConfigurations = (
				A0AE5F19275161760098E1AA /* Debug */,
				A0AE5F1A275161760098E1AA /* Release */,
			);
			defaultConfigurationIsVisible = 0;
			defaultConfigurationName = Release;
		};
		A0AE5F1B275161760098E1AA /* Build configuration list for PBXNativeTarget "BreakingBad" */ = {
			isa = XCConfigurationList;
			buildConfigurations = (
				A0AE5F1C275161760098E1AA /* Debug */,
				A0AE5F1D275161760098E1AA /* Release */,
			);
			defaultConfigurationIsVisible = 0;
			defaultConfigurationName = Release;
		};
		A0AE5F1E275161760098E1AA /* Build configuration list for PBXNativeTarget "BreakingBadTests" */ = {
			isa = XCConfigurationList;
			buildConfigurations = (
				A0AE5F1F275161760098E1AA /* Debug */,
				A0AE5F20275161760098E1AA /* Release */,
			);
			defaultConfigurationIsVisible = 0;
			defaultConfigurationName = Release;
		};
/* End XCConfigurationList section */

/* Begin XCSwiftPackageProductDependency section */
		A0AE5F29275188850098E1AA /* BreakingBadAppDomain */ = {
			isa = XCSwiftPackageProductDependency;
			productName = BreakingBadAppDomain;
		};
/* End XCSwiftPackageProductDependency section */
	};
	rootObject = A0AE5EE9275161730098E1AA /* Project object */;
}
